
Microsoft Visual Studio Solution File, Format Version 12.00
# Visual Studio Version 17
VisualStudioVersion = 17.14.36414.22 d17.14
MinimumVisualStudioVersion = 10.0.40219.1
Project("{FAE04EC0-301F-11D3-BF4B-00C04F79EFBC}") = "Elektrikulu_TARpv23", "Elektrikulu_TARpv23\Elektrikulu_TARpv23.csproj", "{6601632A-F1AC-42BC-83C0-24F382B9D987}"
EndProject
Global
	GlobalSection(SolutionConfigurationPlatforms) = preSolution
		Debug|Any CPU = Debug|Any CPU
		Release|Any CPU = Release|Any CPU
	EndGlobalSection
	GlobalSection(ProjectConfigurationPlatforms) = postSolution
		{6601632A-F1AC-42BC-83C0-24F382B9D987}.Debug|Any CPU.ActiveCfg = Debug|Any CPU
		{6601632A-F1AC-42BC-83C0-24F382B9D987}.Debug|Any CPU.Build.0 = Debug|Any CPU
		{6601632A-F1AC-42BC-83C0-24F382B9D987}.Release|Any CPU.ActiveCfg = Release|Any CPU
		{6601632A-F1AC-42BC-83C0-24F382B9D987}.Release|Any CPU.Build.0 = Release|Any CPU
	EndGlobalSection
	GlobalSection(SolutionProperties) = preSolution
		HideSolutionNode = FALSE
	EndGlobalSection
	GlobalSection(ExtensibilityGlobals) = postSolution
		SolutionGuid = {8909F56A-1EB8-4791-BF27-A2EFEA084A6F}
	EndGlobalSection
EndGlobal
